{
  "name": "milkglass",
  "lockfileVersion": 3,
  "requires": true,
  "packages": {
    "": {
      "dependencies": {
        "@primeuix/themes": "^3.0.0",
        "primeng": "^21.1.10"
      }
    },
    "node_modules/@angular/cdk": {
      "version": "21.2.14",
      "resolved": "https://registry.npmjs.org/@angular/cdk/-/cdk-21.2.14.tgz",
      "integrity": "sha512-806REq/CLf37nEhmmd8Q+ILN8z/RVG2vk2n8YZ/4TdHpcBCi5ux4AxLbpMmduLwGPOzPagJ6ggRzE5fnX0rmcQ==",
      "license": "MIT",
      "peer": true,
      "dependencies": {
        "parse5": "^8.0.0",
        "tslib": "^2.3.0"
      },
      "peerDependencies": {
        "@angular/common": "^21.0.0 || ^22.0.0",
        "@angular/core": "^21.0.0 || ^22.0.0",
        "@angular/platform-browser": "^21.0.0 || ^22.0.0",
        "rxjs": "^6.5.3 || ^7.4.0"
      }
    },
    "node_modules/@angular/common": {
      "version": "21.2.23",
      "resolved": "https://registry.npmjs.org/@angular/common/-/common-21.2.23.tgz",
      "integrity": "sha512-IVhHD4w/+v/S7YAIyF3v20u3zpOj7Y8EuL9xxPyfyxlfz5zPpJFJ/GaZb0Y5sMANCFLVwQj3VcQNWgYtd7W2yA==",
      "license": "MIT",
      "peer": true,
      "dependencies": {
        "tslib": "^2.3.0"
      },
      "engines": {
        "node": "^20.19.0 || ^22.12.0 || >=24.0.0"
      },
      "peerDependencies": {
        "@angular/core": "21.2.23",
        "rxjs": "^6.5.3 || ^7.4.0"
      }
    },
    "node_modules/@angular/core": {
      "version": "21.2.23",
      "resolved": "https://registry.npmjs.org/@angular/core/-/core-21.2.23.tgz",
      "integrity": "sha512-O8i8ntukAhg3nM9y9A/o1eXVFnFk5/VltA2gQrDuWTpIPLyWmyZW+Zb65UBJI14tGOTt99Y3l3teIuF36mLBgQ==",
      "license": "MIT",
      "peer": true,
      "dependencies": {
        "tslib": "^2.3.0"
      },
      "engines": {
        "node": "^20.19.0 || ^22.12.0 || >=24.0.0"
      },
      "peerDependencies": {
        "@angular/compiler": "21.2.23",
        "rxjs": "^6.5.3 || ^7.4.0",
        "zone.js": "~0.15.0 || ~0.16.0"
      },
      "peerDependenciesMeta": {
        "@angular/compiler": {
          "optional": true
        },
        "zone.js": {
          "optional": true
        }
      }
    },
    "node_modules/@angular/forms": {
      "version": "21.2.23",
      "resolved": "https://registry.npmjs.org/@angular/forms/-/forms-21.2.23.tgz",
      "integrity": "sha512-l0PyfoCO6MflgQwL4spawbiTqzSrlOWUn1BUcbGuBU33lbgTBrR9dogfT8sQ54ZO/6gcWkToxi0WbvugSfzQtQ==",
      "license": "MIT",
      "peer": true,
      "dependencies": {
        "@standard-schema/spec": "^1.0.0",
        "tslib": "^2.3.0"
      },
      "engines": {
        "node": "^20.19.0 || ^22.12.0 || >=24.0.0"
      },
      "peerDependencies": {
        "@angular/common": "21.2.23",
        "@angular/core": "21.2.23",
        "@angular/platform-browser": "21.2.23",
        "rxjs": "^6.5.3 || ^7.4.0"
      }
    },
    "node_modules/@angular/platform-browser": {
      "version": "21.2.23",
      "resolved": "https://registry.npmjs.org/@angular/platform-browser/-/platform-browser-21.2.23.tgz",
      "integrity": "sha512-3/yTsYroz6xjH1sqxJwOcBdLEGU4QLouu5z1ja/JN7jrPUfRHj2YBfVS+ayWLEnMt9CfuyjZxoVPXHtWuZ3Gog==",
      "license": "MIT",
      "peer": true,
      "dependencies": {
        "tslib": "^2.3.0"
      },
      "engines": {
        "node": "^20.19.0 || ^22.12.0 || >=24.0.0"
      },
      "peerDependencies": {
        "@angular/animations": "21.2.23",
        "@angular/common": "21.2.23",
        "@angular/core": "21.2.23"
      },
      "peerDependenciesMeta": {
        "@angular/animations": {
          "optional": true
        }
      }
    },
    "node_modules/@angular/router": {
      "version": "21.2.23",
      "resolved": "https://registry.npmjs.org/@angular/router/-/router-21.2.23.tgz",
      "integrity": "sha512-cNwTd1XvCXsFZqvn4WFPv7VUci7PJzlK9Ex/git3oEyS9318sJjX7sw2IeTpvwIg01BZtF1xBvWgMTHgcXvzIA==",
      "license": "MIT",
      "peer": true,
      "dependencies": {
        "tslib": "^2.3.0"
      },
      "engines": {
        "node": "^20.19.0 || ^22.12.0 || >=24.0.0"
      },
      "peerDependencies": {
        "@angular/common": "21.2.23",
        "@angular/core": "21.2.23",
        "@angular/platform-browser": "21.2.23",
        "rxjs": "^6.5.3 || ^7.4.0"
      }
    },
    "node_modules/@primeui/license-manager": {
      "version": "1.1.0",
      "resolved": "https://registry.npmjs.org/@primeui/license-manager/-/license-manager-1.1.0.tgz",
      "integrity": "sha512-irjhOGs6Xjwh1JhMyXtdUsYCsve6kBySZzDUhS/mWxsjwQm/wSN7oulyP/f5huJKdhZSzaN6rVApwpp4nDWE1g==",
      "license": "SEE LICENSE IN LICENSE.md"
    },
    "node_modules/@primeuix/motion": {
      "version": "0.0.10",
      "resolved": "https://registry.npmjs.org/@primeuix/motion/-/motion-0.0.10.tgz",
      "integrity": "sha512-PsZwOPq79Scp7/ionshRcQ5xKVf9+zuLcyY5mf6onK8chHT5C9JGphmcIZ4CzcqxuGEpsm8AIbTGy+zS3RtzLA==",
      "license": "MIT",
      "dependencies": {
        "@primeuix/utils": "^0.6.3"
      },
      "engines": {
        "node": ">=12.11.0"
      }
    },
    "node_modules/@primeuix/motion/node_modules/@primeuix/utils": {
      "version": "0.6.4",
      "resolved": "https://registry.npmjs.org/@primeuix/utils/-/utils-0.6.4.tgz",
      "integrity": "sha512-pZ5f+vj7wSzRhC7KoEQRU5fvYAe+RP9+m39CTscZ3UywCD1Y2o6Fe1rRgklMPSkzUcty2jzkA0zMYkiJBD1hgg==",
      "license": "MIT",
      "engines": {
        "node": ">=12.11.0"
      }
    },
    "node_modules/@primeuix/styled": {
      "version": "1.0.0",
      "resolved": "https://registry.npmjs.org/@primeuix/styled/-/styled-1.0.0.tgz",
      "integrity": "sha512-6SXoeQWwKswSqTv1ygaXNfY7otHo6Rb9mxbKJK5WF8adWlZ6CtwmlNfIP+p8cH/zGccsei/5Bu7IetXlMoZGjQ==",
      "license": "SEE LICENSE IN LICENSE.md",
      "dependencies": {
        "@primeui/license-manager": "^1.0.0",
        "@primeuix/utils": "^0.8.0"
      },
      "engines": {
        "node": ">=12.11.0"
      }
    },
    "node_modules/@primeuix/styles": {
      "version": "2.0.3",
      "resolved": "https://registry.npmjs.org/@primeuix/styles/-/styles-2.0.3.tgz",
      "integrity": "sha512-2ykAB6BaHzR/6TwF8ShpJTsZrid6cVIEBVlookSdvOdmlWuevGu5vWOScgIwqWwlZcvkFYAGR/SUV3OHCTBMdw==",
      "license": "MIT",
      "dependencies": {
        "@primeuix/styled": "^0.7.4"
      }
    },
    "node_modules/@primeuix/styles/node_modules/@primeuix/styled": {
      "version": "0.7.4",
      "resolved": "https://registry.npmjs.org/@primeuix/styled/-/styled-0.7.4.tgz",
      "integrity": "sha512-QSO/NpOQg8e9BONWRBx9y8VGMCMYz0J/uKfNJEya/RGEu7ARx0oYW0ugI1N3/KB1AAvyGxzKBzGImbwg0KUiOQ==",
      "license": "MIT",
      "dependencies": {
        "@primeuix/utils": "^0.6.1"
      },
      "engines": {
        "node": ">=12.11.0"
      }
    },
    "node_modules/@primeuix/styles/node_modules/@primeuix/utils": {
      "version": "0.6.4",
      "resolved": "https://registry.npmjs.org/@primeuix/utils/-/utils-0.6.4.tgz",
      "integrity": "sha512-pZ5f+vj7wSzRhC7KoEQRU5fvYAe+RP9+m39CTscZ3UywCD1Y2o6Fe1rRgklMPSkzUcty2jzkA0zMYkiJBD1hgg==",
      "license": "MIT",
      "engines": {
        "node": ">=12.11.0"
      }
    },
    "node_modules/@primeuix/themes": {
      "version": "3.0.0",
      "resolved": "https://registry.npmjs.org/@primeuix/themes/-/themes-3.0.0.tgz",
      "integrity": "sha512-lNMOhorzu4vHRKbTDIU2/raS7/Z6Oyq2WXGfFDVhOwAIVDF4e7hCX75jlgfC7bo4D0Bl5f+oW5HPGZpG52r6lw==",
      "license": "SEE LICENSE IN LICENSE.md",
      "dependencies": {
        "@primeuix/styled": "^1.0.0"
      }
    },
    "node_modules/@primeuix/utils": {
      "version": "0.8.2",
      "resolved": "https://registry.npmjs.org/@primeuix/utils/-/utils-0.8.2.tgz",
      "integrity": "sha512-4Cz5HY1XHqJwhq1ieml6l5IDkWt41Amdw/t2rAQxNXv7WwAhgb8QrnjJM6scW9h1D0PjQgm9Z3RgNlWCU+WZng==",
      "license": "SEE LICENSE IN LICENSE.md",
      "engines": {
        "node": ">=12.11.0"
      }
    },
    "node_modules/@standard-schema/spec": {
      "version": "1.1.0",
      "resolved": "https://registry.npmjs.org/@standard-schema/spec/-/spec-1.1.0.tgz",
      "integrity": "sha512-l2aFy5jALhniG5HgqrD6jXLi/rUWrKvqN/qJx6yoJsgKhblVd+iqqU4RCXavm/jPityDo5TCvKMnpjKnOriy0w==",
      "license": "MIT"
    },
    "node_modules/entities": {
      "version": "8.1.0",
      "resolved": "https://registry.npmjs.org/entities/-/entities-8.1.0.tgz",
      "integrity": "sha512-kxL7msIffSuh9aaFAMD7rxAIuTRMAHMeBtgHW2yUdWw732ZNh4MehkF2gdjvtdmikkaIP9bFDDJOPlsvm7avrA==",
      "license": "BSD-2-Clause",
      "engines": {
        "node": ">=20.19.0"
      },
      "funding": {
        "url": "https://github.com/fb55/entities?sponsor=1"
      }
    },
    "node_modules/parse5": {
      "version": "8.0.1",
      "resolved": "https://registry.npmjs.org/parse5/-/parse5-8.0.1.tgz",
      "integrity": "sha512-z1e/HMG90obSGeidlli3hj7cbocou0/wa5HacvI3ASx34PecNjNQeaHNo5WIZpWofN9kgkqV1q5YvXe3F0FoPw==",
      "license": "MIT",
      "dependencies": {
        "entities": "^8.0.0"
      },
      "funding": {
        "url": "https://github.com/inikulin/parse5?sponsor=1"
      }
    },
    "node_modules/primeng": {
      "version": "21.1.10",
      "resolved": "https://registry.npmjs.org/primeng/-/primeng-21.1.10.tgz",
      "integrity": "sha512-1dNoVrrmdif95iuPwcSyzS0MwBy4yrbB/44s4gp+UeoZU11G9+SNFd6P/3tiiun7bAh2vbe4Uf0juy7DMtnRbA==",
      "license": "SEE LICENSE IN LICENSE.md",
      "dependencies": {
        "@primeuix/motion": "^0.0.10",
        "@primeuix/styled": "^0.7.4",
        "@primeuix/styles": "^2.0.3",
        "@primeuix/utils": "^0.7.2",
        "tslib": "^2.3.0"
      },
      "peerDependencies": {
        "@angular/cdk": "^21.0.0",
        "@angular/common": "^21.0.0",
        "@angular/core": "^21.0.7",
        "@angular/forms": "^21.0.0",
        "@angular/platform-browser": "^21.0.0",
        "@angular/router": "^21.0.0",
        "rxjs": "^6.0.0 || ^7.8.1"
      }
    },
    "node_modules/primeng/node_modules/@primeuix/styled": {
      "version": "0.7.4",
      "resolved": "https://registry.npmjs.org/@primeuix/styled/-/styled-0.7.4.tgz",
      "integrity": "sha512-QSO/NpOQg8e9BONWRBx9y8VGMCMYz0J/uKfNJEya/RGEu7ARx0oYW0ugI1N3/KB1AAvyGxzKBzGImbwg0KUiOQ==",
      "license": "MIT",
      "dependencies": {
        "@primeuix/utils": "^0.6.1"
      },
      "engines": {
        "node": ">=12.11.0"
      }
    },
    "node_modules/primeng/node_modules/@primeuix/styled/node_modules/@primeuix/utils": {
      "version": "0.6.4",
      "resolved": "https://registry.npmjs.org/@primeuix/utils/-/utils-0.6.4.tgz",
      "integrity": "sha512-pZ5f+vj7wSzRhC7KoEQRU5fvYAe+RP9+m39CTscZ3UywCD1Y2o6Fe1rRgklMPSkzUcty2jzkA0zMYkiJBD1hgg==",
      "license": "MIT",
      "engines": {
        "node": ">=12.11.0"
      }
    },
    "node_modules/primeng/node_modules/@primeuix/utils": {
      "version": "0.7.2",
      "resolved": "https://registry.npmjs.org/@primeuix/utils/-/utils-0.7.2.tgz",
      "integrity": "sha512-pmEbSfP0Phf9W9RweiM66zXnkn73ZeKyYINElbX3uZ2+stzzaba2svLAl3B1pHVcRw5t43O0VciaGe4ye2EXKw==",
      "license": "MIT",
      "engines": {
        "node": ">=12.11.0"
      }
    },
    "node_modules/rxjs": {
      "version": "7.8.2",
      "resolved": "https://registry.npmjs.org/rxjs/-/rxjs-7.8.2.tgz",
      "integrity": "sha512-dhKf903U/PQZY6boNNtAGdWbG85WAbjT/1xYoZIC7FAY0yWapOBQVsVrDl58W86//e1VpMNBtRV4MaXfdMySFA==",
      "license": "Apache-2.0",
      "peer": true,
      "dependencies": {
        "tslib": "^2.1.0"
      }
    },
    "node_modules/tslib": {
      "version": "2.8.1",
      "resolved": "https://registry.npmjs.org/tslib/-/tslib-2.8.1.tgz",
      "integrity": "sha512-oJFu94HQb+KVduSUQL7wnpmqnfmLsOA/nAh6b6EH0wCEoK0/mPeXU6c3wKDV83MkOuHPRHtSXKKU99IBazS/2w==",
      "license": "0BSD"
    }
  }
}
